{"SurveyEntry":{"SurveyID":"SV_eUQm6WeGlc2c6a2","SurveyName":"RSM & ESE Open Science Survey 2021","SurveyDescription":null,"SurveyOwnerID":"UR_1zaYVTmelXbrlRA","SurveyBrandID":"erasmusuniversity","DivisionID":null,"SurveyLanguage":"EN-GB","SurveyActiveResponseSet":"RS_56le76EswqGFniS","SurveyStatus":"Inactive","SurveyStartDate":"0000-00-00 00:00:00","SurveyExpirationDate":"0000-00-00 00:00:00","SurveyCreationDate":"2021-02-01 07:12:58","CreatorID":"UR_1zaYVTmelXbrlRA","LastModified":"2021-10-18 04:29:13","LastAccessed":"0000-00-00 00:00:00","LastActivated":"2021-02-16 12:02:36","Deleted":null},"SurveyElements":[{"SurveyID":"SV_eUQm6WeGlc2c6a2","Element":"BL","PrimaryAttribute":"Survey Blocks","SecondaryAttribute":null,"TertiaryAttribute":null,"Payload":{"0":{"Type":"Default","Description":"Demographic Information","ID":"BL_aUUtWA224yiQTRk","BlockElements":[{"Type":"Question","QuestionID":"QID1"},{"Type":"Question","QuestionID":"QID3"},{"Type":"Question","QuestionID":"QID4"},{"Type":"Question","QuestionID":"QID5"},{"Type":"Question","QuestionID":"QID6"}],"Options":{"BlockLocking":"false","RandomizeQuestions":"false","BlockVisibility":"Collapsed"}},"1":{"Type":"Trash","Description":"Trash \/ Unused Questions","ID":"BL_bxyCE4XT26uy2Ng","BlockElements":[]},"5":{"Type":"Standard","SubType":"","Description":"Introduction","ID":"BL_d3TaywH4CpQRxmS","BlockElements":[{"Type":"Question","QuestionID":"QID36"}],"Options":{"BlockLocking":"false","RandomizeQuestions":"false","BlockVisibility":"Expanded"}},"6":{"Type":"Standard","SubType":"","Description":"Open Science","ID":"BL_1TSvDJPcDqzRfbo","BlockElements":[{"Type":"Question","QuestionID":"QID38"},{"Type":"Question","QuestionID":"QID39"}],"Options":{"BlockLocking":"false","RandomizeQuestions":"false","BlockVisibility":"Collapsed"}},"7":{"Type":"Standard","SubType":"","Description":"Preregistration","ID":"BL_2sJj1CBfqJ5hYZE","BlockElements":[{"Type":"Question","QuestionID":"QID41"},{"Type":"Question","QuestionID":"QID42"},{"Type":"Question","QuestionID":"QID43"},{"Type":"Question","QuestionID":"QID44"},{"Type":"Question","QuestionID":"QID91"}],"Options":{"BlockLocking":"false","RandomizeQuestions":"false","BlockVisibility":"Collapsed"}},"8":{"Type":"Standard","SubType":"","Description":"Open Code","ID":"BL_0xCITon9wAY1mVE","BlockElements":[{"Type":"Question","QuestionID":"QID45"},{"Type":"Question","QuestionID":"QID46"},{"Type":"Question","QuestionID":"QID47"},{"Type":"Question","QuestionID":"QID90"},{"Type":"Question","QuestionID":"QID48"}],"Options":{"BlockLocking":"false","RandomizeQuestions":"false","BlockVisibility":"Collapsed"}},"9":{"Type":"Standard","SubType":"","Description":"Open Data","ID":"BL_3gwqwtOuqeEpeOW","BlockElements":[{"Type":"Question","QuestionID":"QID49"},{"Type":"Question","QuestionID":"QID50"},{"Type":"Question","QuestionID":"QID51"},{"Type":"Question","QuestionID":"QID87"},{"Type":"Question","QuestionID":"QID52"}],"Options":{"BlockLocking":"false","RandomizeQuestions":"false","BlockVisibility":"Collapsed"}},"10":{"Type":"Standard","SubType":"","Description":"Pre-publication archiving","ID":"BL_cA298cGXIEXzFdA","BlockElements":[{"Type":"Question","QuestionID":"QID53"},{"Type":"Question","QuestionID":"QID54"},{"Type":"Question","QuestionID":"QID55"},{"Type":"Question","QuestionID":"QID56"}],"Options":{"BlockLocking":"false","RandomizeQuestions":"false","BlockVisibility":"Collapsed"}},"11":{"Type":"Standard","SubType":"","Description":"Open Access (OA) publishing","ID":"BL_eb9LeVoROWSlkGi","BlockElements":[{"Type":"Question","QuestionID":"QID57"},{"Type":"Question","QuestionID":"QID58"},{"Type":"Question","QuestionID":"QID59"}],"Options":{"BlockLocking":"false","RandomizeQuestions":"false","BlockVisibility":"Collapsed"}},"12":{"Type":"Standard","SubType":"","Description":"Awareness & expectations","ID":"BL_80lTL648DDcsPqK","BlockElements":[{"Type":"Question","QuestionID":"QID62"},{"Type":"Question","QuestionID":"QID76"},{"Type":"Question","QuestionID":"QID63"},{"Type":"Question","QuestionID":"QID82"},{"Type":"Question","QuestionID":"QID84"},{"Type":"Question","QuestionID":"QID75"}],"Options":{"BlockLocking":"false","RandomizeQuestions":"false","BlockVisibility":"Expanded"}}}},{"SurveyID":"SV_eUQm6WeGlc2c6a2","Element":"FL","PrimaryAttribute":"Survey Flow","SecondaryAttribute":null,"TertiaryAttribute":null,"Payload":{"Type":"Root","FlowID":"FL_1","Flow":[{"Type":"Standard","ID":"BL_d3TaywH4CpQRxmS","FlowID":"FL_17","Autofill":[]},{"Type":"Block","ID":"BL_aUUtWA224yiQTRk","FlowID":"FL_13","Autofill":[]},{"Type":"Standard","ID":"BL_1TSvDJPcDqzRfbo","FlowID":"FL_18","Autofill":[]},{"Type":"Standard","ID":"BL_2sJj1CBfqJ5hYZE","FlowID":"FL_19","Autofill":[]},{"Type":"Standard","ID":"BL_0xCITon9wAY1mVE","FlowID":"FL_20","Autofill":[]},{"Type":"Standard","ID":"BL_3gwqwtOuqeEpeOW","FlowID":"FL_21","Autofill":[]},{"Type":"Standard","ID":"BL_cA298cGXIEXzFdA","FlowID":"FL_22","Autofill":[]},{"Type":"Standard","ID":"BL_eb9LeVoROWSlkGi","FlowID":"FL_23","Autofill":[]},{"Type":"Standard","ID":"BL_80lTL648DDcsPqK","FlowID":"FL_24","Autofill":[]}],"Properties":{"Count":26,"RemovedFieldsets":[]}}},{"SurveyID":"SV_eUQm6WeGlc2c6a2","Element":"NT","PrimaryAttribute":"NT_3EKhuHkiBZRXFhI","SecondaryAttribute":null,"TertiaryAttribute":null,"Payload":{"Notes":[{"Message":"Here we could delete add other EUR services, e.g., Dropbox, SURFdrive, ...","ID":"NO_bjzD9mdZ1UYl7W6","UserID":"UR_0wyA4WA8jA33rxj","Timestamp":1612261523,"Removed":true},{"Message":"Here we could add other EUR services, e.g., Dropbox, SURFdrive, ...","ID":"NO_b2FBF2vXc5H2Rjo","UserID":"UR_0wyA4WA8jA33rxj","Timestamp":1612261572,"Removed":true},{"Message":"Here we could delete generic serivices (e.g., DataCite and LMU Open Science Toolbox) and add EUR ones, e.g., Dropbox, SURFdrive, ...","ID":"NO_8nT8PWptq8MD9JQ","UserID":"UR_0wyA4WA8jA33rxj","Timestamp":1612261975,"Removed":true},{"Message":"Done!","ID":"NO_5hYKBFEm1rOKl8O","UserID":"UR_1zaYVTmelXbrlRA","Timestamp":1612271032,"Removed":true}],"UserStatuses":{"UR_0wyA4WA8jA33rxj":"Expanded","UR_1zaYVTmelXbrlRA":"Expanded"},"ParentID":"QID62","ID":"NT_3EKhuHkiBZRXFhI"}},{"SurveyID":"SV_eUQm6WeGlc2c6a2","Element":"NT","PrimaryAttribute":"NT_elANM0Pghqel4Ee","SecondaryAttribute":null,"TertiaryAttribute":null,"Payload":{"Notes":[{"Message":"test note","ID":"NO_b9EMDWw4qTxV40e","UserID":"UR_0wyA4WA8jA33rxj","Timestamp":1612261209,"Removed":true},{"Message":"I would add the names of the project's principal investigators (you and me, I guess).","ID":"NO_6mOJyZlpAy8nGGG","UserID":"UR_0wyA4WA8jA33rxj","Timestamp":1612261268,"Removed":true},{"Message":"Done!","ID":"NO_2fwZ5BzNoUonqCy","UserID":"UR_1zaYVTmelXbrlRA","Timestamp":1612271042,"Removed":true}],"UserStatuses":{"UR_0wyA4WA8jA33rxj":"Expanded","UR_1zaYVTmelXbrlRA":"Expanded"},"ParentID":"QID36","ID":"NT_elANM0Pghqel4Ee"}},{"SurveyID":"SV_eUQm6WeGlc2c6a2","Element":"RS","PrimaryAttribute":"RS_56le76EswqGFniS","SecondaryAttribute":null,"TertiaryAttribute":null,"Payload":null},{"SurveyID":"SV_eUQm6WeGlc2c6a2","Element":"SO","PrimaryAttribute":"Survey Options","SecondaryAttribute":null,"TertiaryAttribute":null,"Payload":{"BackButton":"true","SaveAndContinue":"true","SurveyProtection":"PublicSurvey","BallotBoxStuffingPrevention":"false","NoIndex":"Yes","SecureResponseFiles":"true","SurveyExpiration":null,"SurveyTermination":"DisplayMessage","Header":"","Footer":"","ProgressBarDisplay":"Text","PartialData":"+1 week","ValidationMessage":null,"PreviousButton":"Previous","NextButton":"Next","SurveyTitle":"RSM & ESE Research Data Management Survey 2021","SkinLibrary":"erasmusuniversity","SkinType":"templated","Skin":{"brandingId":"*1022446574","templateId":"*base","overrides":{"background":{"url":"https:\/\/erasmusuniversity.eu.qualtrics.com\/CP\/Graphic.php?IM=IM_3sHj3m3xoCWV15Q","color":"#ffffff","overlay":{"opacity":0.6999999999999999555910790149937383830547332763671875}},"logo":{"url":"https:\/\/erasmusuniversity.eu.qualtrics.com\/CP\/Graphic.php?IM=IM_0wEwYv5NDZK67aK","height":"110px"},"font":{"family":"arial, helvetica, sans-serif"},"questionText":{"size":"17px"},"answerText":{"size":"14px"}}},"NewScoring":1,"CustomStyles":[],"EOSMessage":"MS_8wG0UDDPat9LgKG","ShowExportTags":"true","CollectGeoLocation":"false","SurveyMetaDescription":"Good data management (DM) is an important part of a research life cycle. As we strive for excellence in research we also strive for excellence in DM support. One of the principles we follow is to execute evidence-based actions. This survey was created with aim to introduce DM and collect data that can serve as evidence for future plans and decisions.","PasswordProtection":"No","AnonymizeResponse":"No","Password":"","RefererCheck":"No","RefererURL":"http:\/\/","UseCustomSurveyLinkCompletedMessage":null,"SurveyLinkCompletedMessage":"","SurveyLinkCompletedMessageLibrary":"","ResponseSummary":"No","EOSMessageLibrary":"UR_1zaYVTmelXbrlRA","EOSRedirectURL":"https:\/\/","EmailThankYou":"false","ThankYouEmailMessageLibrary":null,"ThankYouEmailMessage":null,"ValidateMessage":"false","ValidationMessageLibrary":null,"InactiveSurvey":"DefaultMessage","PartialDeletion":null,"PartialDataCloseAfter":"LastActivity","ActiveResponseSet":null,"InactiveMessageLibrary":"","InactiveMessage":"","AvailableLanguages":{"EN-GB":[]},"nextButtonLid":"GR_5p5knyKne7U8ihu","nextButtonMid":"MS_4MdrImC1sFwuDbf","previousButtonLid":"GR_5p5knyKne7U8ihu","previousButtonMid":"MS_0k1ZIZWTIP8bUI5","PageTransition":"none","ProtectSelectionIds":true,"SpellChecked":"1","":null}},{"SurveyID":"SV_eUQm6WeGlc2c6a2","Element":"SCO","PrimaryAttribute":"Scoring","SecondaryAttribute":null,"TertiaryAttribute":null,"Payload":{"ScoringCategories":[],"ScoringCategoryGroups":[],"ScoringSummaryCategory":null,"ScoringSummaryAfterQuestions":0,"ScoringSummaryAfterSurvey":0,"DefaultScoringCategory":null,"AutoScoringCategory":null}},{"SurveyID":"SV_eUQm6WeGlc2c6a2","Element":"PROJ","PrimaryAttribute":"CORE","SecondaryAttribute":null,"TertiaryAttribute":"1.1.0","Payload":{"ProjectCategory":"CORE","SchemaVersion":"1.1.0"}},{"SurveyID":"SV_eUQm6WeGlc2c6a2","Element":"STAT","PrimaryAttribute":"Survey Statistics","SecondaryAttribute":null,"TertiaryAttribute":null,"Payload":{"MobileCompatible":true,"ID":"Survey Statistics"}},{"SurveyID":"SV_eUQm6WeGlc2c6a2","Element":"QC","PrimaryAttribute":"Survey Question Count","SecondaryAttribute":"91","TertiaryAttribute":null,"Payload":null},{"SurveyID":"SV_eUQm6WeGlc2c6a2","Element":"SQ","PrimaryAttribute":"QID58","SecondaryAttribute":"Approximately what proportion of your publications from the last 5 years are open access","TertiaryAttribute":null,"Payload":{"QuestionText":"Approximately what proportion of your publications\nfrom the last 5 years are open access","DataExportTag":"Q7.1","QuestionType":"MC","Selector":"SAVR","SubSelector":"TX","Configuration":{"QuestionDescriptionOption":"UseText"},"QuestionDescription":"Approximately what proportion of your publications from the last 5 years are open access","Choices":{"1":{"Display":"All"},"2":{"Display":"Most"},"3":{"Display":"Half"},"4":{"Display":"Some"},"5":{"Display":"None"},"6":{"Display":"I don\u2019t know\/prefer not to answer"}},"ChoiceOrder":["1","2","3","4","5","6"],"Validation":{"Settings":{"ForceResponse":"ON","ForceResponseType":"ON","Type":"None"}},"Language":[],"NextChoiceId":8,"NextAnswerId":1,"QuestionID":"QID58","QuestionText_Unsafe":"Approximately what proportion of your publications\nfrom the last 5 years are open access","DataVisibility":{"Private":false,"Hidden":false}}},{"SurveyID":"SV_eUQm6WeGlc2c6a2","Element":"SQ","PrimaryAttribute":"QID6","SecondaryAttribute":"Are you member of any research institute affiliated with RSM or ESE?","TertiaryAttribute":null,"Payload":{"QuestionText":"Are\nyou member of any research institute affiliated&nbsp;with RSM or ESE?","DataExportTag":"Q1.4","QuestionType":"MC","Selector":"MAVR","SubSelector":"TX","Configuration":{"QuestionDescriptionOption":"UseText"},"QuestionDescription":"Are you member of any research institute affiliated with RSM or ESE?","Choices":{"1":{"Display":"ERIM"},"2":{"Display":"Tinbergen"},"3":{"Display":"Neither"}},"ChoiceOrder":["1","2","3"],"Validation":{"Settings":{"ForceResponse":"ON","ForceResponseType":"ON","Type":"None"}},"AnalyzeChoices":{"3":"on"},"Language":[],"NextChoiceId":4,"NextAnswerId":1,"QuestionID":"QID6","QuestionText_Unsafe":"Are\nyou member of any research institute affiliated&nbsp;with RSM or ESE?","DataVisibility":{"Private":false,"Hidden":false}}},{"SurveyID":"SV_eUQm6WeGlc2c6a2","Element":"SQ","PrimaryAttribute":"QID82","SecondaryAttribute":"Are you sharing your knowledge about open science practices with others?\u00a0 Select all suitable opt..","TertiaryAttribute":null,"Payload":{"QuestionText":"Are you sharing your knowledge about open science\npractices with others?&nbsp;<div>Select all suitable options<\/div>","DataExportTag":"Q8.4","QuestionType":"MC","Selector":"MAVR","SubSelector":"TX","DataVisibility":{"Private":false,"Hidden":false},"Configuration":{"QuestionDescriptionOption":"UseText"},"QuestionDescription":"Are you sharing your knowledge about open science practices with others?\u00a0 Select all suitable opt...","Choices":{"1":{"Display":"No"},"2":{"Display":"Yes, I share my knowledge with my colleagues informally"},"3":{"Display":"Yes, I share my knowledge with my colleagues by offering seminars and\/or giving talks"},"4":{"Display":"Yes, I share my knowledge with my students or fellow research students"},"5":{"Display":"Yes, I teach open science practices in postgraduate units"},"6":{"Display":"Yes, I teach open science practices in undergraduate units"},"7":{"Display":"Yes, I share my knowledge with others through forum discussions (e.g. Facebook groups)"},"8":{"Display":"Yes, I share my knowledge with others through writing posting (e.g. blogs, webs, magazines)"},"9":{"Display":"I don\u2019t know\/prefer not to answer"},"10":{"Display":"Other","TextEntry":"true"}},"ChoiceOrder":["1","2","3","4","5","6","7","8","9","10"],"Validation":{"Settings":{"ForceResponse":"ON","ForceResponseType":"ON","Type":"None"}},"Language":[],"NextChoiceId":11,"NextAnswerId":1,"QuestionID":"QID82","QuestionText_Unsafe":"Are you sharing your knowledge about open science\npractices with others?&nbsp;<div>Select all suitable options<\/div>"}},{"SurveyID":"SV_eUQm6WeGlc2c6a2","Element":"SQ","PrimaryAttribute":"QID42","SecondaryAttribute":"\u00a0In your opinion, how important for your field is it that researchers preregister their studies?","TertiaryAttribute":null,"Payload":{"QuestionText":"<p>&nbsp;In your opinion, how important\nfor your field is it that researchers preregister their studies?<o:p><\/o:p><\/p>","DataExportTag":"Q3.1","QuestionType":"MC","Selector":"SAVR","SubSelector":"TX","Configuration":{"QuestionDescriptionOption":"UseText","Autoscale":{"YScale":{"Name":"importance","Type":"likert","Reverse":false}}},"QuestionDescription":"\u00a0In your opinion, how important for your field is it that researchers preregister their studies?","Choices":{"1":{"Display":"Extremely important"},"2":{"Display":"Very important"},"3":{"Display":"Moderately important"},"4":{"Display":"Slightly important"},"5":{"Display":"Not at all important"},"6":{"Display":"I don\u2019t know\/prefer not to answer"}},"ChoiceOrder":["1","2","3","4","5","6"],"Validation":{"Settings":{"ForceResponse":"ON","ForceResponseType":"ON","Type":"None"}},"Language":[],"NextChoiceId":8,"NextAnswerId":1,"QuestionID":"QID42","QuestionText_Unsafe":"<p>&nbsp;In your opinion, how important\nfor your field is it that researchers preregister their studies?<o:p><\/o:p><\/p>","DataVisibility":{"Private":false,"Hidden":false}}},{"SurveyID":"SV_eUQm6WeGlc2c6a2","Element":"SQ","PrimaryAttribute":"QID84","SecondaryAttribute":"Do you expect that ERIM supports you in learning open science practices?","TertiaryAttribute":null,"Payload":{"QuestionText":"Do you expect that ERIM supports you in learning open science practices?","DataExportTag":"Q8.5","QuestionType":"MC","Selector":"SAVR","SubSelector":"TX","DataVisibility":{"Private":false,"Hidden":false},"Configuration":{"QuestionDescriptionOption":"UseText"},"QuestionDescription":"Do you expect that ERIM supports you in learning open science practices?","Choices":{"1":{"Display":"No"},"2":{"Display":"Yes"},"3":{"Display":"I don\u2019t know\/prefer not to answer"}},"ChoiceOrder":["1","2","3"],"Validation":{"Settings":{"ForceResponse":"ON","ForceResponseType":"ON","Type":"None"}},"Language":[],"NextChoiceId":4,"NextAnswerId":1,"QuestionID":"QID84","QuestionText_Unsafe":"Do you expect that ERIM supports you in learning open science practices?"}},{"SurveyID":"SV_eUQm6WeGlc2c6a2","Element":"SQ","PrimaryAttribute":"QID76","SecondaryAttribute":"During March 2021 ERIM launched an ORCID campaign. Did you participate in it and got your own ORC...","TertiaryAttribute":null,"Payload":{"QuestionText":"During March 2021 ERIM launched an ORCID campaign. Did you participate in it and got your own ORCID iD?","DataExportTag":"Q8.2","QuestionType":"MC","Selector":"SAVR","SubSelector":"TX","Configuration":{"QuestionDescriptionOption":"UseText"},"QuestionDescription":"During March 2021 ERIM launched an ORCID campaign. Did you participate in it and got your own ORC...","Choices":{"1":{"Display":"Yes, I participated and got an ORCID iD"},"2":{"Display":"I don't know\/prefer not to answer"},"4":{"Display":"Yes, I participated but did not get an ORCID iD"},"5":{"Display":"No, I did not participate since I already had an ORCID iD"},"6":{"Display":"No, I did not participate and I do not have an ORCID iD"}},"ChoiceOrder":["1","4","5","6","2"],"Validation":{"Settings":{"ForceResponse":"ON","ForceResponseType":"ON","Type":"None"}},"Language":[],"NextChoiceId":7,"NextAnswerId":1,"QuestionID":"QID76","QuestionText_Unsafe":"During March 2021 ERIM launched an ORCID campaign. Did you participate in it and got your own ORCID number?","DataVisibility":{"Private":false,"Hidden":false}}},{"SurveyID":"SV_eUQm6WeGlc2c6a2","Element":"SQ","PrimaryAttribute":"QID50","SecondaryAttribute":"In your opinion, how important for your field is it that data from published research are openly...","TertiaryAttribute":null,"Payload":{"QuestionText":"<p>In your opinion, how important for your field is it that data from\npublished research are openly available?<o:p><\/o:p><\/p>","DataExportTag":"Q5.1","QuestionType":"MC","Selector":"SAVR","SubSelector":"TX","Configuration":{"QuestionDescriptionOption":"UseText","Autoscale":{"YScale":{"Name":"importance","Type":"likert","Reverse":false}}},"QuestionDescription":"In your opinion, how important for your field is it that data from published research are openly...","Choices":{"1":{"Display":"Extremely important"},"2":{"Display":"Very important"},"3":{"Display":"Moderately important"},"4":{"Display":"Slightly important"},"5":{"Display":"Not at all important"},"7":{"Display":"I don\u2019t know\/prefer not to answer"}},"ChoiceOrder":["1","2","3","4","5","7"],"Validation":{"Settings":{"ForceResponse":"ON","ForceResponseType":"ON","Type":"None"}},"Language":[],"NextChoiceId":9,"NextAnswerId":1,"QuestionID":"QID50","QuestionText_Unsafe":"<p>In your opinion, how important for your field is it that data from\npublished research are openly available?<o:p><\/o:p><\/p>","DataVisibility":{"Private":false,"Hidden":false}}},{"SurveyID":"SV_eUQm6WeGlc2c6a2","Element":"SQ","PrimaryAttribute":"QID46","SecondaryAttribute":"In your opinion, how important for your field is it that materials and\/or code are openly available?","TertiaryAttribute":null,"Payload":{"QuestionText":"<p>In your opinion, how important for your field is it that materials\nand\/or code are openly available?<o:p><\/o:p><\/p>","DataExportTag":"Q4.1","QuestionType":"MC","Selector":"SAVR","SubSelector":"TX","Configuration":{"QuestionDescriptionOption":"UseText","Autoscale":{"YScale":{"Name":"importance","Type":"likert","Reverse":false}}},"QuestionDescription":"In your opinion, how important for your field is it that materials and\/or code are openly available?","Choices":{"1":{"Display":"Extremely important"},"2":{"Display":"Very important"},"3":{"Display":"Moderately important"},"4":{"Display":"Slightly important"},"5":{"Display":"Not at all important"},"6":{"Display":"Researchers in my discipline do not use materials and\/or code"},"7":{"Display":"I don\u2019t know\/prefer not to answer"}},"ChoiceOrder":["1","2","3","4","5","6","7"],"Validation":{"Settings":{"ForceResponse":"ON","ForceResponseType":"ON","Type":"None"}},"Language":[],"NextChoiceId":9,"NextAnswerId":1,"QuestionID":"QID46","QuestionText_Unsafe":"<p>In your opinion, how important for your field is it that materials\nand\/or code are openly available?<o:p><\/o:p><\/p>","DataVisibility":{"Private":false,"Hidden":false}}},{"SurveyID":"SV_eUQm6WeGlc2c6a2","Element":"SQ","PrimaryAttribute":"QID54","SecondaryAttribute":"In your opinion, how important is pre-publication archiving for your field?","TertiaryAttribute":null,"Payload":{"QuestionText":"<p>In your opinion, how important is pre-publication archiving for your\nfield?<o:p><\/o:p><\/p>","DataExportTag":"Q6.1","QuestionType":"MC","Selector":"SAVR","SubSelector":"TX","Configuration":{"QuestionDescriptionOption":"UseText"},"QuestionDescription":"In your opinion, how important is pre-publication archiving for your field?","Choices":{"1":{"Display":"Extremely important"},"2":{"Display":"Very important"},"3":{"Display":"Moderately important"},"4":{"Display":"Slightly important"},"5":{"Display":"Not at all important"},"6":{"Display":"I don\u2019t know\/prefer not to answer"}},"ChoiceOrder":["1","2","3","4","5","6"],"Validation":{"Settings":{"ForceResponse":"ON","ForceResponseType":"ON","Type":"None"}},"Language":[],"NextChoiceId":7,"NextAnswerId":1,"QuestionID":"QID54","QuestionText_Unsafe":"<p>In your opinion, how important is pre-publication archiving for your\nfield?<o:p><\/o:p><\/p>","DataVisibility":{"Private":false,"Hidden":false}}},{"SurveyID":"SV_eUQm6WeGlc2c6a2","Element":"SQ","PrimaryAttribute":"QID59","SecondaryAttribute":"Many open access journals charge a fee for processing the article for publication. How have you m...","TertiaryAttribute":null,"Payload":{"QuestionText":"<p>Many open access journals charge a fee for processing the article\nfor publication. How have you managed payment of these fees? Select all suitable options<o:p><\/o:p><\/p>","DataExportTag":"Q7.2","QuestionType":"MC","Selector":"MAVR","SubSelector":"TX","Configuration":{"QuestionDescriptionOption":"UseText"},"QuestionDescription":"Many open access journals charge a fee for processing the article for publication. How have you m...","Choices":{"1":{"Display":"My open access publications did not involve fees"},"2":{"Display":"I paid the fees from my own research fund"},"3":{"Display":"I collaborated with others and other co-author paid the fees with their research funding"},"4":{"Display":"I paid the fees with my personal money"},"5":{"Display":"I could not afford to pay the fees and withdrew the manuscript"},"6":{"Display":"I received a fee waiver from the journal"},"7":{"Display":"I don\u2019t know\/prefer not to answer"},"8":{"Display":"Other","TextEntry":"true"},"9":{"Display":"It was paid under the \"blanket agreement\" between VSNU and selected academic publishers"},"11":{"Display":"It was paid using the Erasmus Open Access Fund"},"12":{"Display":"I submit my research to journals that do not provide open access options"}},"ChoiceOrder":["1","9","11","2","3","4","5","6","12","7","8"],"Validation":{"Settings":{"ForceResponse":"ON","ForceResponseType":"ON","Type":"None"}},"Language":{"EN":{"Choices":{"9":{"Display":"It was paid under the \"blanket agreement\""},"11":{"Display":"It was paid using the EUR library Open Access Funds"}}}},"NextChoiceId":14,"NextAnswerId":1,"QuestionID":"QID59","QuestionText_Unsafe":"<p>Many open access journals charge a fee for processing the article\nfor publication. How have you managed payment of these fees? Select all suitable options<o:p><\/o:p><\/p>","DataVisibility":{"Private":false,"Hidden":false}}},{"SurveyID":"SV_eUQm6WeGlc2c6a2","Element":"SQ","PrimaryAttribute":"QID57","SecondaryAttribute":"Open Access (OA) publishing There are two basic models for Open Access (OA) publishing: 1. Pay yo...","TertiaryAttribute":null,"Payload":{"QuestionText":"<p><strong>Open Access (OA) publishing<\/strong><\/p><p>There are two basic models for Open Access\n(OA) publishing:<o:p><\/o:p><\/p>\n\n<p>1. Pay your publisher a fee (an Article\nProcessing Charge) to make the final version of record available for OA in a\npeer-reviewed journal. Journal may be fully OA, or offers a hybrid OA option\n(i.e. only your article is released for OA).<o:p><\/o:p><\/p>\n\n<p>2. Publish on a normal contract in a\npeer-reviewed journal, and deposit the final accepted version of your\nmanuscript (peer-reviewed but not journal formatted) in an institutional (e.g., EUR RePub) repository or a preprint repository such as arXiv, bioRxiv,\nSocArxiv, etc. This is known as Green OA or self-archiving.<\/p>","DefaultChoices":false,"DataExportTag":"","QuestionType":"DB","Selector":"TB","Configuration":{"QuestionDescriptionOption":"UseText"},"QuestionDescription":"Open Access (OA) publishing There are two basic models for Open Access (OA) publishing: 1. Pay yo...","ChoiceOrder":[],"Validation":{"Settings":{"Type":"None"}},"GradingData":[],"Language":[],"NextChoiceId":4,"NextAnswerId":1,"QuestionID":"QID57","QuestionText_Unsafe":"<p><strong>Open Access (OA) publishing<\/strong><\/p><p>There are two basic models for Open Access\n(OA) publishing:<o:p><\/o:p><\/p>\n\n<p>1. Pay your publisher a fee (an Article\nProcessing Charge) to make the final version of record available for OA in a\npeer-reviewed journal. Journal may be fully OA, or offers a hybrid OA option\n(i.e. only your article is released for OA).<o:p><\/o:p><\/p>\n\n<p>2. Publish on a normal contract in a\npeer-reviewed journal, and deposit the final accepted version of your\nmanuscript (peer-reviewed but not journal formatted) in an institutional (e.g., EUR RePub) repository or a preprint repository such as arXiv, bioRxiv,\nSocArxiv, etc. This is known as Green OA or self-archiving.<\/p>","DataVisibility":{"Private":false,"Hidden":false}}},{"SurveyID":"SV_eUQm6WeGlc2c6a2","Element":"SQ","PrimaryAttribute":"QID49","SecondaryAttribute":"Open Data Open Data can be defined as: \"online, free of cost, accessible data that can be used, r...","TertiaryAttribute":null,"Payload":{"QuestionText":"<p><strong>Open Data<\/strong><o:p><\/o:p><\/p>\n\n<p><a href=\"https:\/\/www.fosteropenscience.eu\/taxonomy\/term\/110\" target=\"_blank\">Open Data<\/a> can be defined as: &quot;online, free of cost, accessible data that can be used, reused, and distributed provided that the data source is attributed and shared alike.&quot;&nbsp;<\/p>","DefaultChoices":false,"DataExportTag":"","QuestionType":"DB","Selector":"TB","Configuration":{"QuestionDescriptionOption":"UseText"},"QuestionDescription":"Open Data Open Data can be defined as: \"online, free of cost, accessible data that can be used, r...","ChoiceOrder":[],"Validation":{"Settings":{"Type":"None"}},"GradingData":[],"Language":[],"NextChoiceId":4,"NextAnswerId":1,"QuestionID":"QID49","QuestionText_Unsafe":"<p><strong>Open Data<\/strong><o:p><\/o:p><\/p>\n\n<p><a href=\"https:\/\/www.fosteropenscience.eu\/taxonomy\/term\/110\">Open Data<\/a> can be defined as: &quot;online, free of cost, accessible data that can be used, reused, and distributed provided that the data source is attributed and shared alike.&quot;&nbsp;<\/p>","DataVisibility":{"Private":false,"Hidden":false}}},{"SurveyID":"SV_eUQm6WeGlc2c6a2","Element":"SQ","PrimaryAttribute":"QID45","SecondaryAttribute":"Open Materials and\/or Code Open Materials and\/or Code refers to researcher-created resources used...","TertiaryAttribute":null,"Payload":{"QuestionText":"<p><strong>Open Materials and\/or Code<\/strong><o:p><\/o:p><\/p>\n\n<p>Open Materials and\/or Code refers to researcher-created resources used while collecting or analyzing data (e.g., survey questions, video stimuli, vignettes, algorithms, coding schemes, analytic code, etc.) that are made openly available to the research community.<o:p><\/o:p><\/p>\n\n<p>&nbsp;<\/p>","DefaultChoices":false,"DataExportTag":"","QuestionType":"DB","Selector":"TB","Configuration":{"QuestionDescriptionOption":"UseText"},"QuestionDescription":"Open Materials and\/or Code Open Materials and\/or Code refers to researcher-created resources used...","ChoiceOrder":[],"Validation":{"Settings":{"Type":"None"}},"GradingData":[],"Language":[],"NextChoiceId":4,"NextAnswerId":1,"QuestionID":"QID45","QuestionText_Unsafe":"<p><strong>Open Materials and\/or Code<\/strong><o:p><\/o:p><\/p>\n\n<p>Open Materials and\/or Code refers to researcher-created resources used while collecting or analyzing data (e.g., survey questions, video stimuli, vignettes, algorithms, coding schemes, analytic code, etc.) that are made openly available to the research community.<o:p><\/o:p><\/p>\n\n<p>&nbsp;<\/p>","DataVisibility":{"Private":false,"Hidden":false}}},{"SurveyID":"SV_eUQm6WeGlc2c6a2","Element":"SQ","PrimaryAttribute":"QID38","SecondaryAttribute":"Open Science Open Science can be defined as: \"the practice of science in such a way that others [...","TertiaryAttribute":null,"Payload":{"QuestionText":"<p><strong>Open Science<\/strong><o:p><\/o:p><\/p>\n\n<p><a href=\"https:\/\/libguides.ucd.ie\/openaccess\/opensci\" target=\"_blank\">Open Science<\/a> can be defined as: &quot;the practice of science in such a way that others [beyond the research team] can collaborate and contribute, where research data, lab notes, and other research processes are freely available, under terms that enable reuse, redistribution, and reproduction of the research and its underlying data and methods.&quot;&nbsp;<o:p><\/o:p><\/p>","DefaultChoices":false,"DataExportTag":"","QuestionType":"DB","Selector":"TB","Configuration":{"QuestionDescriptionOption":"UseText"},"QuestionDescription":"Open Science Open Science can be defined as: \"the practice of science in such a way that others [...","ChoiceOrder":[],"Validation":{"Settings":{"Type":"None"}},"GradingData":[],"Language":[],"NextChoiceId":4,"NextAnswerId":1,"QuestionID":"QID38","DataVisibility":{"Private":false,"Hidden":false},"QuestionText_Unsafe":"<p><strong>Open Science<\/strong><o:p><\/o:p><\/p>\n\n<p><a href=\"https:\/\/libguides.ucd.ie\/openaccess\/opensci\">Open Science<\/a> can be defined as: \"the practice of science in such a way that others [beyond the research team] can collaborate and contribute, where research data, lab notes, and other research processes are freely available, under terms that enable reuse, redistribution, and reproduction of the research and its underlying data and methods.\"&nbsp;<o:p><\/o:p><\/p>"}},{"SurveyID":"SV_eUQm6WeGlc2c6a2","Element":"SQ","PrimaryAttribute":"QID62","SecondaryAttribute":"Please indicate your awareness of each of the open science resources listed below. If there are o...","TertiaryAttribute":null,"Payload":{"QuestionText":"<p>Please indicate your awareness of each of the open science resources\nlisted below. If there are other resources that you use or are aware of, please\nenter them in the \"other\" box at the bottom of the table.<o:p><\/o:p><\/p>","DefaultChoices":false,"DataExportTag":"Q8.1","QuestionID":"QID62","QuestionType":"Matrix","Selector":"Likert","SubSelector":"SingleAnswer","DataVisibility":{"Private":false,"Hidden":false},"Configuration":{"QuestionDescriptionOption":"UseText","TextPosition":"inline","ChoiceColumnWidth":25,"RepeatHeaders":"none","WhiteSpace":"OFF","MobileFirst":true},"QuestionDescription":"Please indicate your awareness of each of the open science resources listed below. If there are o...","Choices":{"1":{"Display":"Open Science Framework"},"2":{"Display":"GitHub"},"3":{"Display":"Other 1","TextEntry":"true"},"4":{"Display":"EUR data repository\/Figshare"},"5":{"Display":"4TU Center for Research Data"},"6":{"Display":"EUR SurfDrive"},"7":{"Display":"EUR Dropbox (not personal)"},"9":{"Display":"FAIR data principles"},"10":{"Display":"EUR RePub"},"11":{"Display":"Zenodo"},"12":{"Display":"Other 2","TextEntry":"true"}},"ChoiceOrder":["1","2","4","5","6","7","9","10","11","3","12"],"Validation":{"Settings":{"ForceResponse":"OFF","ForceResponseType":"ON","Type":"None"}},"GradingData":[],"Language":[],"NextChoiceId":14,"NextAnswerId":17,"Answers":{"6":{"Display":"I am unaware of this"},"7":{"Display":"I am aware of it, but don't use it"},"8":{"Display":"I use this"}},"AnswerOrder":["6","7","8"],"ChoiceDataExportTags":false}},{"SurveyID":"SV_eUQm6WeGlc2c6a2","Element":"SQ","PrimaryAttribute":"QID53","SecondaryAttribute":"Pre-publication archiving Pre-publication archiving (also known as preprint archiving) refers to...","TertiaryAttribute":null,"Payload":{"QuestionText":"<p><strong>Pre-publication archiving<\/strong><o:p><\/o:p><\/p>\n\n<p>Pre-publication archiving (also known as preprint archiving) refers to making a manuscript openly available before it undergoes peer review in an academic journal or other outlet. Generally, this is achieved by uploading the manuscript to an archive such as arXiv (physics, maths), bioRxiv (biology), SocArxiv (sociology), etc.<o:p><\/o:p><\/p>","DefaultChoices":false,"DataExportTag":"","QuestionType":"DB","Selector":"TB","Configuration":{"QuestionDescriptionOption":"UseText"},"QuestionDescription":"Pre-publication archiving Pre-publication archiving (also known as preprint archiving) refers to...","ChoiceOrder":[],"Validation":{"Settings":{"Type":"None"}},"GradingData":[],"Language":[],"NextChoiceId":4,"NextAnswerId":1,"QuestionID":"QID53","QuestionText_Unsafe":"<p><strong>Pre-publication archiving<\/strong><o:p><\/o:p><\/p>\n\n<p>Pre-publication archiving (also known as preprint archiving) refers to making a manuscript openly available before it undergoes peer review in an academic journal or other outlet. Generally, this is achieved by uploading the manuscript to an archive such as arXiv (physics, maths), bioRxiv (biology), SocArxiv (sociology), etc.<o:p><\/o:p><\/p>","DataVisibility":{"Private":false,"Hidden":false}}},{"SurveyID":"SV_eUQm6WeGlc2c6a2","Element":"SQ","PrimaryAttribute":"QID36","SecondaryAttribute":"RSM & ESE Open Science Survey 2021 Questions were adapted using the\u00a0Swinburne Open Science Survey..","TertiaryAttribute":null,"Payload":{"QuestionText":"<p><strong><span style=\"font-size:16px;\">RSM &amp; ESE Open Science Survey 2021<\/span><\/strong><br>\n<br>\nQuestions were adapted using the&nbsp;<a href=\"https:\/\/osf.io\/vpwf7\/\" target=\"_blank\">Swinburne Open Science Survey.<\/a><o:p><\/o:p><\/p>\n\n<p><strong>Introduction to Project and Invitation to Participate<\/strong><o:p><\/o:p><br>\nYou are invited to participate in this anonymous survey examining how researchers perceive and use \"open science\" practices, including sharing data, preregistering research plans, and publishing in open access journals. Whether or not you are experienced in using open science practices, or fully understand what might be possible in your discipline, your opinion will help inform RSM &amp; ESE\u2019s approach to embracing and supporting Open Science practices in the future. <o:p><\/o:p><br>\n<br>\n<strong>Participant rights and interests: Free Consent\/Withdrawal from Participation<\/strong><o:p><\/o:p><br>\nParticipation is entirely voluntary. There will be no consequences to your decision to participate or to not participate. Your consent to participate is implied by your completion and submission of the anonymous survey. If you choose to participate and then change your mind, you can withdraw from participation simply by not completing the survey. All multiple choice questions must be answered, but you may choose not to answer specific questions on the survey by selecting \"I don\u2019t know\/prefer not to answer\" option.<o:p><\/o:p><br>\n<br>\n<strong>Participant rights and interests: Privacy &amp; Confidentiality<\/strong><o:p><\/o:p><br>\nDuring data collection only the project's principal&nbsp;investigators (Dr. Lizette Guzman-Ramirez, ERIM Research Data Steward &amp; Dr. Antonio Schettino, ERS Open Science Coordinator) will have access to the survey data. This information is collected separately from (and will not be matched with) your survey responses. Anonymised results will be publicly available in the future<br>\n<br>\nThis survey takes between 8 to 15 minutes of your time. Please, click \"Next\" to start the survey.<o:p><\/o:p><\/p>","DefaultChoices":false,"DataExportTag":"","QuestionID":"QID36","QuestionType":"DB","Selector":"TB","Configuration":{"QuestionDescriptionOption":"UseText"},"QuestionDescription":"RSM & ESE Open Science Survey 2021 Questions were adapted using the\u00a0Swinburne Open Science Survey...","ChoiceOrder":[],"Validation":{"Settings":{"Type":"None"}},"GradingData":[],"Language":[],"NextChoiceId":9,"NextAnswerId":1,"QuestionText_Unsafe":"<p><strong><span style=\"font-size:16px;\">RSM &amp; ESE Open Science Survey 2021<\/span><\/strong><br>\n<br>\nQuestions were adapted using the&nbsp;<a href=\"https:\/\/osf.io\/vpwf7\/\">Swinburne Open Science Survey.<\/a><o:p><\/o:p><\/p>\n\n<p><strong>Introduction to Project and Invitation to Participate<\/strong><o:p><\/o:p><br>\nYou are invited to participate in this anonymous survey examining how researchers perceive and use \"open science\" practices, including sharing data, preregistering research plans, and publishing in open access journals. Whether or not you are experienced in using open science practices, or fully understand what might be possible in your discipline, your opinion will help inform ERIM\u2019s approach to embracing and supporting Open Science practices in the future. <o:p><\/o:p><br>\n<br>\n<strong>Participant rights and interests: Free Consent\/Withdrawal from Participation<\/strong><o:p><\/o:p><br>\nParticipation is entirely voluntary. There will be no consequences to your decision to participate or to not participate. Your consent to participate is implied by your completion and submission of the anonymous survey. If you choose to participate and then change your mind, you can withdraw from participation simply by not completing the survey. All multiple choice questions must be answered, but you may choose not to answer specific questions on the survey by selecting \"I don\u2019t know\/prefer not to answer\" option.<o:p><\/o:p><br>\n<br>\n<strong>Participant rights and interests: Privacy &amp; Confidentiality<\/strong><o:p><\/o:p><br>\nDuring data collection only the project's principal&nbsp;investigators (Dr. Lizette Guzman-Ramirez, ERIM Research Data Steward &amp; Dr. Antonio Schettino, ERS Open Science Coordinator) will have access to the survey data. This information is collected separately from (and will not be matched with) your survey responses. Anonymised results will be publicly available in the future<br>\n<br>\nThis survey should not take more than 10 minutes of your time. Please, click \"Next\" to start the survey.<o:p><\/o:p><\/p>","DataVisibility":{"Private":false,"Hidden":false}}},{"SurveyID":"SV_eUQm6WeGlc2c6a2","Element":"SQ","PrimaryAttribute":"QID41","SecondaryAttribute":"Study Preregistration (preregister) Study Preregistration (preregister) means that prior to colle...","TertiaryAttribute":null,"Payload":{"QuestionText":"<p><strong>Study Preregistration (preregister)<\/strong><o:p><\/o:p><\/p>\n\n<p>Study Preregistration (preregister) means that prior to collecting actual data, we share the introduction, methods, and analyses of our work with others. This time-stamped document is made openly available by the time the research is published so that any deviation from the original research plan is visible to the scientific community.<o:p><\/o:p><\/p>","DefaultChoices":false,"DataExportTag":"","QuestionType":"DB","Selector":"TB","Configuration":{"QuestionDescriptionOption":"UseText"},"QuestionDescription":"Study Preregistration (preregister) Study Preregistration (preregister) means that prior to colle...","ChoiceOrder":[],"Validation":{"Settings":{"Type":"None"}},"GradingData":[],"Language":[],"NextChoiceId":4,"NextAnswerId":1,"QuestionID":"QID41","QuestionText_Unsafe":"<p><strong>Study Preregistration (preregister)<\/strong><o:p><\/o:p><\/p>\n\n<p>Study Preregistration (preregister) means that prior to collecting actual data, we share the introduction and methods of our work with others. This time-stamped document is made openly available by the time the research is published so that any deviation from the original research plan is visible to the scientific community.<o:p><\/o:p><\/p>","DataVisibility":{"Private":false,"Hidden":false}}},{"SurveyID":"SV_eUQm6WeGlc2c6a2","Element":"SQ","PrimaryAttribute":"QID63","SecondaryAttribute":"The following are possible barriers to the uptake of open science practices. Please place a tick...","TertiaryAttribute":null,"Payload":{"QuestionText":"<p>The following are possible barriers to the uptake of open science\npractices. Please place a tick beside any statement that you agree is a barrier\nin your field. Select all suitable options.<o:p><\/o:p><\/p>","DataExportTag":"Q8.3","QuestionType":"MC","Selector":"MAVR","SubSelector":"TX","Configuration":{"QuestionDescriptionOption":"UseText"},"QuestionDescription":"The following are possible barriers to the uptake of open science practices. Please place a tick...","Choices":{"1":{"Display":"Lack of funding for open access publishing"},"2":{"Display":"Lack of credit in my institution for engaging in open science"},"3":{"Display":"Lack of recognition in my field about the value of open science practices"},"4":{"Display":"Lack of mandates from funders, institutions or other regulators"},"5":{"Display":"Lack of information about open science practices"},"6":{"Display":"Lack of professional staff that provide support for open science practices"},"7":{"Display":"Lack of research funding to support open science practices"},"8":{"Display":"Lack of training required to implement open science practices"},"9":{"Display":"Lack of supporting infrastructure (e.g., open data platforms)"},"10":{"Display":"Lack of time to engage in open science practices"},"11":{"Display":"Lack of time to learn open science practices"},"12":{"Display":"Lack of expertise to engage in open science practices (e.g., assignment of metadata)"},"13":{"Display":"Researchers are discouraged from engaging in open science practices by their colleagues"},"14":{"Display":"PhD students are discouraged from engaging in open science practices by thesis supervisors"},"15":{"Display":"The open science community is intimidating"},"16":{"Display":"Researchers don't want to be told how to do their research"},"17":{"Display":"Lack of interest from researchers"},"18":{"Display":"I do not perceive any barriers"},"19":{"Display":"I don\u2019t know\/prefer not to answer"},"20":{"Display":"Other","TextEntry":"true"}},"ChoiceOrder":["1","2","3","4","5","6","7","8","9","10","11","12","13","14","15","16","17","18","19","20"],"Validation":{"Settings":{"ForceResponse":"ON","ForceResponseType":"ON","Type":"None"}},"Language":[],"NextChoiceId":21,"NextAnswerId":1,"QuestionID":"QID63","QuestionText_Unsafe":"<p>The following are possible barriers to the uptake of open science\npractices. Please place a tick beside any statement that you agree is a barrier\nin your field. Select all suitable options.<o:p><\/o:p><\/p>","DataVisibility":{"Private":false,"Hidden":false}}},{"SurveyID":"SV_eUQm6WeGlc2c6a2","Element":"SQ","PrimaryAttribute":"QID52","SecondaryAttribute":"The following are possible concerns that researchers could have about making their data openly av...","TertiaryAttribute":null,"Payload":{"QuestionText":"<p>The following are possible concerns that researchers could have\nabout making their data openly available.&nbsp;<\/p><p>Which of these concerns would apply to you? Select all suitable options.<\/p><p><o:p><\/o:p><\/p>","DataExportTag":"Q5.4","QuestionType":"MC","Selector":"MAVR","SubSelector":"TX","Configuration":{"QuestionDescriptionOption":"UseText"},"QuestionDescription":"The following are possible concerns that researchers could have about making their data openly av...","Choices":{"1":{"Display":"Other researchers might criticise my data and\/or research practices"},"2":{"Display":"There could be issues related to intellectual property"},"3":{"Display":"There could be issues related to ethics"},"4":{"Display":"There could be issues related to privacy"},"5":{"Display":"I think it is unfair for researchers beyond the original team to benefit (e.g., through future publications, career advancement) from my data collection"},"6":{"Display":"I might not receive appropriate credit for my data collection"},"7":{"Display":"I might lose control over how my data are being used"},"8":{"Display":"Other researchers could use my data for another study that I intended to conduct in the future"},"9":{"Display":"It devalues research data collection"},"10":{"Display":"It will take too much time or effort to share research data"},"11":{"Display":"I do not share any of these concerns"},"12":{"Display":"I don\u2019t know\/prefer not to answer"},"13":{"Display":"Other","TextEntry":"true"}},"ChoiceOrder":["1","2","3","4","5","6","7","8","9","10","11","12","13"],"Validation":{"Settings":{"ForceResponse":"ON","ForceResponseType":"ON","Type":"None"}},"Language":[],"NextChoiceId":14,"NextAnswerId":1,"QuestionID":"QID52","QuestionText_Unsafe":"<p>The following are possible concerns that researchers could have\nabout making their data openly available.&nbsp;<\/p><p>Which of these concerns would apply to you? Select all suitable options.<\/p><p><o:p><\/o:p><\/p>","DataVisibility":{"Private":false,"Hidden":false}}},{"SurveyID":"SV_eUQm6WeGlc2c6a2","Element":"SQ","PrimaryAttribute":"QID48","SecondaryAttribute":"The following are possible concerns that researchers could have about making their materials and\/...","TertiaryAttribute":null,"Payload":{"QuestionText":"<p>The following are possible concerns that researchers could have\nabout making their materials and\/or code openly available.&nbsp;<\/p><p>Which of these concerns would apply to you? Select all suitable options.<\/p><p><o:p><\/o:p><\/p>","DataExportTag":"Q4.4","QuestionType":"MC","Selector":"MAVR","SubSelector":"TX","Configuration":{"QuestionDescriptionOption":"UseText"},"QuestionDescription":"The following are possible concerns that researchers could have about making their materials and\/...","Choices":{"1":{"Display":"Other researchers might criticise my materials and\/or code"},"2":{"Display":"Other researchers might find errors in my published work"},"3":{"Display":"Others might find it difficult to understand my materials and\/or code"},"4":{"Display":"Reuse of my materials and\/or code could violate the epistemological framework of my research"},"5":{"Display":"Sharing these materials and\/or code could result in others asking me to provide assistance for their research"},"6":{"Display":"I might lose control over how my materials and\/or code are being used"},"7":{"Display":"I might not receive appropriate credit for developing the materials and\/or code if I make them openly available"},"8":{"Display":"There could be issues related to intellectual property"},"9":{"Display":"I do not share any of these concerns"},"10":{"Display":"I don\u2019t know\/prefer not to answer"},"11":{"Display":"Other","TextEntry":"true"}},"ChoiceOrder":["1","2","3","4","5","6","7","8","9","10","11"],"Validation":{"Settings":{"ForceResponse":"ON","ForceResponseType":"ON","Type":"None"}},"Language":[],"NextChoiceId":12,"NextAnswerId":1,"QuestionID":"QID48","DataVisibility":{"Private":false,"Hidden":false},"QuestionText_Unsafe":"<p>The following are possible concerns that researchers could have\nabout making their materials and\/or code openly available.&nbsp;<\/p><p>Which of these concerns would apply to you? Select all suitable options.<\/p><p><o:p><\/o:p><\/p>"}},{"SurveyID":"SV_eUQm6WeGlc2c6a2","Element":"SQ","PrimaryAttribute":"QID44","SecondaryAttribute":"The following are possible concerns that researchers could have about preregistering their studie...","TertiaryAttribute":null,"Payload":{"QuestionText":"The following are possible concerns that\nresearchers could have about preregistering their studies.&nbsp;<div>Which of these concerns would apply to you? Select all suitable options<\/div>","DataExportTag":"Q3.3","QuestionType":"MC","Selector":"MAVR","SubSelector":"TX","Configuration":{"QuestionDescriptionOption":"UseText"},"QuestionDescription":"The following are possible concerns that researchers could have about preregistering their studie...","Choices":{"1":{"Display":"It might delay data collection"},"2":{"Display":"I need to look at my data before I can decide how to best analyse it"},"3":{"Display":"Preregistration prevents exploratory research"},"4":{"Display":"Preregistration stifles research creativity or flexibility"},"5":{"Display":"Preregistration might lead to other people taking my research idea and implementing my plan"},"6":{"Display":"Preregistration might make it more difficult to find statistically significant results"},"7":{"Display":"Preregistration might make it more difficult to publish in certain journals"},"8":{"Display":"I do not share any of these concerns"},"9":{"Display":"I don\u2019t know\/prefer not to answer"},"10":{"Display":"Other","TextEntry":"true"}},"ChoiceOrder":["1","2","3","4","5","6","7","8","9","10"],"Validation":{"Settings":{"ForceResponse":"ON","ForceResponseType":"ON","Type":"None"}},"Language":[],"NextChoiceId":11,"NextAnswerId":1,"QuestionID":"QID44","DataVisibility":{"Private":false,"Hidden":false},"QuestionText_Unsafe":"The following are possible concerns that\nresearchers could have about preregistering their studies.&nbsp;<div>Which of these concerns would apply to you? Select all suitable options<\/div>"}},{"SurveyID":"SV_eUQm6WeGlc2c6a2","Element":"SQ","PrimaryAttribute":"QID56","SecondaryAttribute":"The following are possible concerns that researchers could have about uploading a manuscript to a...","TertiaryAttribute":null,"Payload":{"QuestionText":"The following are possible concerns that\nresearchers could have about uploading a manuscript to a pre-publication\narchive before submitting it for peer review.&nbsp;<div>Which of these concerns would apply to you? Select all suitable options.<\/div>","DataExportTag":"Q6.3","QuestionType":"MC","Selector":"MAVR","SubSelector":"TX","Configuration":{"QuestionDescriptionOption":"UseText"},"QuestionDescription":"The following are possible concerns that researchers could have about uploading a manuscript to a...","Choices":{"1":{"Display":"Some journals might not publish findings that are uploaded to a pre-publication archive"},"2":{"Display":"Other people might copy my research and publish it before I do"},"3":{"Display":"Non-peer-reviewed findings might add noise to the literature"},"4":{"Display":"Making my work available pre-publication might reduce the number of citations to the ultimately published work"},"5":{"Display":"Availability of the pre-publication manuscript might highlight differences (e.g., errors in analysis; revisions to hypotheses) between the original conception of the research and the ultimately published work"},"6":{"Display":"I do not share any of these concerns"},"7":{"Display":"Other","TextEntry":"true"}},"ChoiceOrder":["1","2","3","4","5","6","7"],"Validation":{"Settings":{"ForceResponse":"ON","ForceResponseType":"ON","Type":"None"}},"Language":[],"NextChoiceId":8,"NextAnswerId":1,"QuestionID":"QID56","QuestionText_Unsafe":"The following are possible concerns that\nresearchers could have about uploading a manuscript to a pre-publication\narchive before submitting it for peer review.&nbsp;<div>Which of these concerns would apply to you? Select all suitable options.<\/div>","DataVisibility":{"Private":false,"Hidden":false}}},{"SurveyID":"SV_eUQm6WeGlc2c6a2","Element":"SQ","PrimaryAttribute":"QID91","SecondaryAttribute":"What is the total number of preregistered studies that you have conducted?","TertiaryAttribute":null,"Payload":{"QuestionText":"What is the total number of preregistered studies that you have conducted?","DefaultChoices":false,"DataExportTag":"Q3.2.1","QuestionID":"QID91","QuestionType":"TE","Selector":"SL","Configuration":{"QuestionDescriptionOption":"UseText"},"QuestionDescription":"What is the total number of preregistered studies that you have conducted?","DisplayLogic":{"0":{"0":{"LogicType":"Question","QuestionID":"QID43","QuestionIsInLoop":"no","ChoiceLocator":"q:\/\/QID43\/SelectableChoice\/4","Operator":"Selected","QuestionIDFromLocator":"QID43","LeftOperand":"q:\/\/QID43\/SelectableChoice\/4","Type":"Expression","Description":"<span class=\"ConjDesc\">If<\/span> <span class=\"QuestionDesc\">What is your experience with study preregistration?<\/span> <span class=\"LeftOpDesc\">I regularly preregister my studies<\/span> <span class=\"OpDesc\">Is Selected<\/span> "},"Type":"If"},"Type":"BooleanExpression","inPage":false},"Validation":{"Settings":{"ForceResponse":"OFF","ForceResponseType":"ON","Type":"None"}},"GradingData":[],"Language":[],"NextChoiceId":4,"NextAnswerId":1,"SearchSource":{"AllowFreeResponse":"false"}}},{"SurveyID":"SV_eUQm6WeGlc2c6a2","Element":"SQ","PrimaryAttribute":"QID39","SecondaryAttribute":"What is your experience with open science practices?","TertiaryAttribute":null,"Payload":{"QuestionText":"<p>What is your experience with\nopen science practices?<o:p><\/o:p><\/p>","DataExportTag":"Q2.1","QuestionType":"MC","Selector":"SAVR","SubSelector":"TX","Configuration":{"QuestionDescriptionOption":"UseText"},"QuestionDescription":"What is your experience with open science practices?","Choices":{"1":{"Display":"Until now, I was unaware of open science practices"},"2":{"Display":"I am aware, but have not used open science practices in my research"},"3":{"Display":"I have some experience with open science practices"},"4":{"Display":"I have extensive experience with open science practices"},"5":{"Display":"I don\u2019t know\/prefer not to answer"}},"ChoiceOrder":["1","2","3","4","5"],"Validation":{"Settings":{"ForceResponse":"ON","ForceResponseType":"ON","Type":"None"}},"Language":[],"NextChoiceId":6,"NextAnswerId":1,"QuestionID":"QID39","QuestionText_Unsafe":"<p>What is your experience with\nopen science practices?<o:p><\/o:p><\/p>","DataVisibility":{"Private":false,"Hidden":false}}},{"SurveyID":"SV_eUQm6WeGlc2c6a2","Element":"SQ","PrimaryAttribute":"QID55","SecondaryAttribute":"What is your experience with pre-publication archiving?","TertiaryAttribute":null,"Payload":{"QuestionText":"What is your experience with pre-publication\narchiving?","DataExportTag":"Q6.2","QuestionType":"MC","Selector":"SAVR","SubSelector":"TX","Configuration":{"QuestionDescriptionOption":"UseText"},"QuestionDescription":"What is your experience with pre-publication archiving?","Choices":{"1":{"Display":"Until now, I was unaware of \"pre-publication archiving\""},"2":{"Display":"I am aware of pre-publication archiving but have not used it"},"3":{"Display":"I have some experience with pre-publication archiving"},"4":{"Display":"I have extensive experience with preprint archiving"},"5":{"Display":"I don\u2019t know\/prefer not to answer"}},"ChoiceOrder":["1","2","3","4","5"],"Validation":{"Settings":{"ForceResponse":"ON","ForceResponseType":"ON","Type":"None"}},"Language":{"EN":{"Choices":{"5":{"Display":"I don\u2019t know\/prefer not to answer"}}}},"NextChoiceId":7,"NextAnswerId":1,"QuestionID":"QID55","QuestionText_Unsafe":"What is your experience with pre-publication\narchiving?","DataVisibility":{"Private":false,"Hidden":false}}},{"SurveyID":"SV_eUQm6WeGlc2c6a2","Element":"SQ","PrimaryAttribute":"QID87","SecondaryAttribute":"What is your experience with sharing open data?","TertiaryAttribute":null,"Payload":{"QuestionText":"<p>What is your experience with sharing open data?<o:p><\/o:p><\/p>","DataExportTag":"Q5.3","QuestionType":"MC","Selector":"SAVR","SubSelector":"TX","Configuration":{"QuestionDescriptionOption":"UseText"},"QuestionDescription":"What is your experience with sharing open data?","Choices":{"1":{"Display":"Until now, I was unaware of open data"},"2":{"Display":"I am aware of open data, but have not shared my data"},"3":{"Display":"I have some experience sharing open data, but not regularly"},"4":{"Display":"I regularly share open data"},"5":{"Display":"I don\u2019t know\/prefer not to answer"}},"ChoiceOrder":["1","2","3","4","5"],"Validation":{"Settings":{"ForceResponse":"OFF","ForceResponseType":"ON","Type":"None"}},"Language":[],"NextChoiceId":6,"NextAnswerId":1,"QuestionID":"QID87","DataVisibility":{"Private":false,"Hidden":false}}},{"SurveyID":"SV_eUQm6WeGlc2c6a2","Element":"SQ","PrimaryAttribute":"QID90","SecondaryAttribute":"What is your experience with sharing open materials and\/or code?","TertiaryAttribute":null,"Payload":{"QuestionText":"<p>What is your experience with sharing open materials and\/or code?<o:p><\/o:p><\/p>","DataExportTag":"Q4.3","QuestionType":"MC","Selector":"SAVR","SubSelector":"TX","DataVisibility":{"Private":false,"Hidden":false},"Configuration":{"QuestionDescriptionOption":"UseText"},"QuestionDescription":"What is your experience with sharing open materials and\/or code?","Choices":{"1":{"Display":"Until now, I hadn't heard of open materials and\/or code"},"2":{"Display":"I am aware of open materials and\/or code, but have not shared my own"},"3":{"Display":"I have some experience with open materials and\/or code, but do not share mine regularly"},"4":{"Display":"I regularly share open materials and\/or code"},"5":{"Display":"I don\u2019t know\/prefer not to answer"}},"ChoiceOrder":["1","2","3","4","5"],"Validation":{"Settings":{"ForceResponse":"OFF","ForceResponseType":"ON","Type":"None"}},"Language":[],"NextChoiceId":7,"NextAnswerId":1,"QuestionID":"QID90"}},{"SurveyID":"SV_eUQm6WeGlc2c6a2","Element":"SQ","PrimaryAttribute":"QID43","SecondaryAttribute":"What is your experience with study preregistration?","TertiaryAttribute":null,"Payload":{"QuestionText":"What is your experience with study preregistration?","DataExportTag":"Q3.2","QuestionType":"MC","Selector":"SAVR","SubSelector":"TX","Configuration":{"QuestionDescriptionOption":"UseText"},"QuestionDescription":"What is your experience with study preregistration?","Choices":{"1":{"Display":"Until now, I was unaware of study preregistration"},"2":{"Display":"I am aware of study preregistration, but have not used it in my research"},"3":{"Display":"I have some experience with study preregistration, but do not use it regularly"},"4":{"Display":"I regularly preregister my studies"},"5":{"Display":"I don\u2019t know\/prefer not to answer"}},"ChoiceOrder":["1","2","3","4","5"],"Validation":{"Settings":{"ForceResponse":"ON","ForceResponseType":"ON","Type":"None"}},"Language":[],"NextChoiceId":6,"NextAnswerId":1,"QuestionID":"QID43","QuestionText_Unsafe":"What is your experience with study preregistration?","DataVisibility":{"Private":false,"Hidden":false}}},{"SurveyID":"SV_eUQm6WeGlc2c6a2","Element":"SQ","PrimaryAttribute":"QID51","SecondaryAttribute":"What is your experience with using open data?","TertiaryAttribute":null,"Payload":{"QuestionText":"<p>What is your experience with using open data?<o:p><\/o:p><\/p>","DataExportTag":"Q5.2","QuestionType":"MC","Selector":"SAVR","SubSelector":"TX","Configuration":{"QuestionDescriptionOption":"UseText"},"QuestionDescription":"What is your experience with using open data?","Choices":{"1":{"Display":"Until now, I was unaware of open data"},"2":{"Display":"I am aware of open data, but have not used this in my research"},"3":{"Display":"I have some experience using open data, but do not use them regularly"},"4":{"Display":"I regularly use open data"},"5":{"Display":"I don\u2019t know\/prefer not to answer"}},"ChoiceOrder":["1","2","3","4","5"],"Validation":{"Settings":{"ForceResponse":"ON","ForceResponseType":"ON","Type":"None"}},"Language":[],"NextChoiceId":7,"NextAnswerId":1,"QuestionID":"QID51","QuestionText_Unsafe":"<p>What is your experience with open data?<o:p><\/o:p><\/p>","DataVisibility":{"Private":false,"Hidden":false}}},{"SurveyID":"SV_eUQm6WeGlc2c6a2","Element":"SQ","PrimaryAttribute":"QID47","SecondaryAttribute":"What is your experience with using open materials and\/or code?","TertiaryAttribute":null,"Payload":{"QuestionText":"<p>What is your experience with using open materials and\/or code?<o:p><\/o:p><\/p>","DataExportTag":"Q4.2","QuestionType":"MC","Selector":"SAVR","SubSelector":"TX","Configuration":{"QuestionDescriptionOption":"UseText"},"QuestionDescription":"What is your experience with using open materials and\/or code?","Choices":{"1":{"Display":"Until now, I hadn't heard of open materials and\/or code"},"2":{"Display":"I am aware of open materials and\/or code, but have not used it in my research"},"3":{"Display":"I have some experience with open materials and\/or code, but do not use them regularly"},"4":{"Display":"I regularly use and\/or create open materials and\/or code"},"5":{"Display":"I don\u2019t know\/prefer not to answer"}},"ChoiceOrder":["1","2","3","4","5"],"Validation":{"Settings":{"ForceResponse":"ON","ForceResponseType":"ON","Type":"None"}},"Language":[],"NextChoiceId":8,"NextAnswerId":1,"QuestionID":"QID47","QuestionText_Unsafe":"<p>What is your experience with open materials and\/or code?<o:p><\/o:p><\/p>","DataVisibility":{"Private":false,"Hidden":false}}},{"SurveyID":"SV_eUQm6WeGlc2c6a2","Element":"SQ","PrimaryAttribute":"QID5","SecondaryAttribute":"What is your position?","TertiaryAttribute":null,"Payload":{"QuestionText":"What is your position?","DataExportTag":"Q1.3","QuestionType":"MC","Selector":"SAVR","SubSelector":"TX","Configuration":{"QuestionDescriptionOption":"UseText"},"QuestionDescription":"What is your position?","Choices":{"1":{"Display":"PhD student"},"2":{"Display":"Postdoc or researcher"},"3":{"Display":"Tenure track"},"4":{"Display":"Tenured faculty member"}},"ChoiceOrder":[1,2,3,4],"Validation":{"Settings":{"ForceResponse":"ON","ForceResponseType":"ON","Type":"None"}},"Language":[],"NextChoiceId":5,"NextAnswerId":1,"QuestionID":"QID5","QuestionText_Unsafe":"What is your position?","DataVisibility":{"Private":false,"Hidden":false}}},{"SurveyID":"SV_eUQm6WeGlc2c6a2","Element":"SQ","PrimaryAttribute":"QID3","SecondaryAttribute":"Which department are you affiliated to? ","TertiaryAttribute":null,"Payload":{"QuestionText":"Which department are you affiliated to?&nbsp;","DataExportTag":"Q1.2","QuestionType":"MC","Selector":"SAVR","SubSelector":"TX","Configuration":{"QuestionDescriptionOption":"UseText"},"QuestionDescription":"Which department are you affiliated to? ","Choices":{"1":{"Display":"Accounting and control"},"2":{"Display":"Business-society management"},"3":{"Display":"Finance"},"4":{"Display":"Marketing management"},"5":{"Display":"Organisation & personnel management"},"6":{"Display":"Strategic management & entrepreneurship"},"7":{"Display":"Technology & operation management"}},"ChoiceOrder":[1,2,3,4,5,6,7],"Validation":{"Settings":{"ForceResponse":"ON","ForceResponseType":"ON","Type":"None"}},"Language":[],"NextChoiceId":8,"NextAnswerId":1,"QuestionID":"QID3","DataVisibility":{"Private":false,"Hidden":false},"DisplayLogic":{"0":{"0":{"ChoiceLocator":"q:\/\/QID1\/SelectableChoice\/2","Description":"<span class=\"ConjDesc\">If<\/span> <span class=\"QuestionDesc\">Which faculty are you from?<\/span> <span class=\"LeftOpDesc\">Rotterdam School of Management (RSM)<\/span> <span class=\"OpDesc\">Is Selected<\/span> ","LeftOperand":"q:\/\/QID1\/SelectableChoice\/2","LogicType":"Question","Operator":"Selected","QuestionID":"QID1","QuestionIDFromLocator":"QID1","QuestionIsInLoop":"no","Type":"Expression"},"Type":"If"},"Type":"BooleanExpression","inPage":false},"QuestionText_Unsafe":"Which department are you affiliated to?&nbsp;"}},{"SurveyID":"SV_eUQm6WeGlc2c6a2","Element":"SQ","PrimaryAttribute":"QID4","SecondaryAttribute":"Which department are you affiliated to?","TertiaryAttribute":null,"Payload":{"QuestionText":"<span lang=\"EN-US\" style=\"font-size:11.0pt;line-height:\n115%;font-family:&quot;Arial&quot;,sans-serif;mso-ascii-theme-font:minor-latin;\nmso-fareast-font-family:&quot;Times New Roman&quot;;mso-fareast-theme-font:minor-fareast;\nmso-hansi-theme-font:minor-latin;mso-bidi-font-family:&quot;Times New Roman&quot;;\nmso-bidi-theme-font:minor-bidi;mso-ansi-language:EN-US;mso-fareast-language:\nEN-US;mso-bidi-language:AR-SA\">Which department are you affiliated to?<\/span>","DataExportTag":"Q1.2","QuestionType":"MC","Selector":"SAVR","SubSelector":"TX","Configuration":{"QuestionDescriptionOption":"UseText"},"QuestionDescription":"Which department are you affiliated to?","Choices":{"1":{"Display":"Applied economics"},"2":{"Display":"Business economics"},"3":{"Display":"Econometrics"},"4":{"Display":"Economics"}},"ChoiceOrder":[1,2,3,4],"Validation":{"Settings":{"ForceResponse":"ON","ForceResponseType":"ON","Type":"None"}},"Language":[],"NextChoiceId":5,"NextAnswerId":1,"QuestionID":"QID4","DataVisibility":{"Private":false,"Hidden":false},"DisplayLogic":{"0":{"0":{"ChoiceLocator":"q:\/\/QID1\/SelectableChoice\/1","Description":"<span class=\"ConjDesc\">If<\/span> <span class=\"QuestionDesc\">Which faculty are you from?<\/span> <span class=\"LeftOpDesc\">Erasmus School of Economics (ESE)<\/span> <span class=\"OpDesc\">Is Selected<\/span> ","LeftOperand":"q:\/\/QID1\/SelectableChoice\/1","LogicType":"Question","Operator":"Selected","QuestionID":"QID1","QuestionIDFromLocator":"QID1","QuestionIsInLoop":"no","Type":"Expression"},"Type":"If"},"Type":"BooleanExpression","inPage":false},"QuestionText_Unsafe":"<span lang=\"EN-US\" style=\"font-size:11.0pt;line-height:\n115%;font-family:&quot;Arial&quot;,sans-serif;mso-ascii-theme-font:minor-latin;\nmso-fareast-font-family:&quot;Times New Roman&quot;;mso-fareast-theme-font:minor-fareast;\nmso-hansi-theme-font:minor-latin;mso-bidi-font-family:&quot;Times New Roman&quot;;\nmso-bidi-theme-font:minor-bidi;mso-ansi-language:EN-US;mso-fareast-language:\nEN-US;mso-bidi-language:AR-SA\">Which department are you affiliated to?<\/span>"}},{"SurveyID":"SV_eUQm6WeGlc2c6a2","Element":"SQ","PrimaryAttribute":"QID1","SecondaryAttribute":"Which faculty are you from?","TertiaryAttribute":null,"Payload":{"QuestionText":"Which faculty are you from?","DataExportTag":"Q1.1","QuestionType":"MC","Selector":"SAVR","SubSelector":"TX","Configuration":{"QuestionDescriptionOption":"UseText"},"QuestionDescription":"Which faculty are you from?","Choices":{"1":{"Display":"Erasmus School of Economics (ESE)"},"2":{"Display":"Rotterdam School of Management (RSM)"}},"ChoiceOrder":["1","2"],"Validation":{"Settings":{"ForceResponse":"ON","ForceResponseType":"ON","Type":"None"}},"Language":[],"NextChoiceId":4,"NextAnswerId":1,"QuestionID":"QID1","DataVisibility":{"Private":false,"Hidden":false},"QuestionText_Unsafe":"Which faculty are you from?"}},{"SurveyID":"SV_eUQm6WeGlc2c6a2","Element":"SQ","PrimaryAttribute":"QID75","SecondaryAttribute":"Which of the following open science practices would you like ERIM to provide information or suppo...","TertiaryAttribute":null,"Payload":{"QuestionText":"<p>Which of the following open science practices would you like ERIM to provide information or support for?<o:p><\/o:p><\/p><p>Select all suitable options.<\/p>","DataExportTag":"Q8.6","QuestionType":"MC","Selector":"MAVR","SubSelector":"TX","Configuration":{"QuestionDescriptionOption":"UseText"},"QuestionDescription":"Which of the following open science practices would you like ERIM to provide information or suppo...","Choices":{"1":{"Display":"Preregistration"},"2":{"Display":"Open Materials and\/or Code"},"3":{"Display":"Pre-publication archiving"},"4":{"Display":"Open access publishing"},"5":{"Display":"Open access archiving in a repository"},"6":{"Display":"Open Data"},"7":{"Display":"None"},"8":{"Display":"I don\u2019t know\/prefer not to answer"},"9":{"Display":"Other","TextEntry":"true"}},"ChoiceOrder":["1","2","6","3","4","5","7","8","9"],"Validation":{"Settings":{"ForceResponse":"ON","ForceResponseType":"ON","Type":"None"}},"Language":{"EN":{"Choices":{"6":{"Display":"Open Data"}}}},"NextChoiceId":10,"NextAnswerId":1,"QuestionID":"QID75","DisplayLogic":{"0":{"0":{"ChoiceLocator":"q:\/\/QID84\/SelectableChoice\/2","Description":"<span class=\"ConjDesc\">If<\/span> <span class=\"QuestionDesc\">Do you expect that ERIM supports you in learning open science practices?<\/span> <span class=\"LeftOpDesc\">Yes<\/span> <span class=\"OpDesc\">Is Selected<\/span> ","LeftOperand":"q:\/\/QID84\/SelectableChoice\/2","LogicType":"Question","Operator":"Selected","QuestionID":"QID84","QuestionIDFromLocator":"QID84","QuestionIsInLoop":"no","Type":"Expression"},"Type":"If"},"Type":"BooleanExpression","inPage":false},"QuestionText_Unsafe":"<p>Which of the following open science practices would you like ERIM to provide information or support for?<o:p><\/o:p><\/p><p>Select all suitable options.<\/p>","DataVisibility":{"Private":false,"Hidden":false}}}]}